
Microsoft Visual Studio Solution File, Format Version 12.00
# Visual Studio Version 17
VisualStudioVersion = 17.10.35013.160
MinimumVisualStudioVersion = 10.0.40219.1
Project("{00D1A9C2-B5F0-4AF3-8072-F6C62B433612}") = "Exo01-DB", "Exo01-DB\Exo01-DB.sqlproj", "{6854A1B7-D514-4A63-98DF-A938E085E65F}"
EndProject
Project("{FAE04EC0-301F-11D3-BF4B-00C04F79EFBC}") = "Exo02-ADO", "Exo02-ADO\Exo02-ADO.csproj", "{341BA2B7-399B-4FBD-846B-100230DE58B6}"
EndProject
Project("{FAE04EC0-301F-11D3-BF4B-00C04F79EFBC}") = "Exo03-ADO-DML", "Exo03-ADO-DML\Exo03-ADO-DML.csproj", "{0DA2E51C-6D77-410F-92DA-72E982EA7F98}"
EndProject
Project("{FAE04EC0-301F-11D3-BF4B-00C04F79EFBC}") = "Exo04-ADO-Parameters", "Exo04-ADO-Parameters\Exo04-ADO-Parameters.csproj", "{808F1889-F67E-4E29-B944-07617140E0F6}"
EndProject
Global
	GlobalSection(SolutionConfigurationPlatforms) = preSolution
		Debug|Any CPU = Debug|Any CPU
		Release|Any CPU = Release|Any CPU
	EndGlobalSection
	GlobalSection(ProjectConfigurationPlatforms) = postSolution
		{6854A1B7-D514-4A63-98DF-A938E085E65F}.Debug|Any CPU.ActiveCfg = Debug|Any CPU
		{6854A1B7-D514-4A63-98DF-A938E085E65F}.Debug|Any CPU.Build.0 = Debug|Any CPU
		{6854A1B7-D514-4A63-98DF-A938E085E65F}.Debug|Any CPU.Deploy.0 = Debug|Any CPU
		{6854A1B7-D514-4A63-98DF-A938E085E65F}.Release|Any CPU.ActiveCfg = Release|Any CPU
		{6854A1B7-D514-4A63-98DF-A938E085E65F}.Release|Any CPU.Build.0 = Release|Any CPU
		{6854A1B7-D514-4A63-98DF-A938E085E65F}.Release|Any CPU.Deploy.0 = Release|Any CPU
		{341BA2B7-399B-4FBD-846B-100230DE58B6}.Debug|Any CPU.ActiveCfg = Debug|Any CPU
		{341BA2B7-399B-4FBD-846B-100230DE58B6}.Debug|Any CPU.Build.0 = Debug|Any CPU
		{341BA2B7-399B-4FBD-846B-100230DE58B6}.Release|Any CPU.ActiveCfg = Release|Any CPU
		{341BA2B7-399B-4FBD-846B-100230DE58B6}.Release|Any CPU.Build.0 = Release|Any CPU
		{0DA2E51C-6D77-410F-92DA-72E982EA7F98}.Debug|Any CPU.ActiveCfg = Debug|Any CPU
		{0DA2E51C-6D77-410F-92DA-72E982EA7F98}.Debug|Any CPU.Build.0 = Debug|Any CPU
		{0DA2E51C-6D77-410F-92DA-72E982EA7F98}.Release|Any CPU.ActiveCfg = Release|Any CPU
		{0DA2E51C-6D77-410F-92DA-72E982EA7F98}.Release|Any CPU.Build.0 = Release|Any CPU
		{808F1889-F67E-4E29-B944-07617140E0F6}.Debug|Any CPU.ActiveCfg = Debug|Any CPU
		{808F1889-F67E-4E29-B944-07617140E0F6}.Debug|Any CPU.Build.0 = Debug|Any CPU
		{808F1889-F67E-4E29-B944-07617140E0F6}.Release|Any CPU.ActiveCfg = Release|Any CPU
		{808F1889-F67E-4E29-B944-07617140E0F6}.Release|Any CPU.Build.0 = Release|Any CPU
	EndGlobalSection
	GlobalSection(SolutionProperties) = preSolution
		HideSolutionNode = FALSE
	EndGlobalSection
	GlobalSection(ExtensibilityGlobals) = postSolution
		SolutionGuid = {4BA67855-65B4-462B-AC6E-6346D231C048}
	EndGlobalSection
EndGlobal
